
Microsoft Visual Studio Solution File, Format Version 12.00
# Visual Studio 15
VisualStudioVersion = 15.0.28010.2036
MinimumVisualStudioVersion = 10.0.40219.1
Project("{FAE04EC0-301F-11D3-BF4B-00C04F79EFBC}") = "ClassLibraryTask", "ClassLibraryTask\ClassLibraryTask.csproj", "{7971F52C-23F6-4FA7-BF9C-0BC3834AB6B0}"
EndProject
Project("{FAE04EC0-301F-11D3-BF4B-00C04F79EFBC}") = "ManageTask", "ManageTask\ManageTask.csproj", "{1F1C3CDB-97E6-44AB-B754-5D54C9FE06BE}"
EndProject
Global
	GlobalSection(SolutionConfigurationPlatforms) = preSolution
		Debug|Any CPU = Debug|Any CPU
		Release|Any CPU = Release|Any CPU
	EndGlobalSection
	GlobalSection(ProjectConfigurationPlatforms) = postSolution
		{7971F52C-23F6-4FA7-BF9C-0BC3834AB6B0}.Debug|Any CPU.ActiveCfg = Debug|Any CPU
		{7971F52C-23F6-4FA7-BF9C-0BC3834AB6B0}.Debug|Any CPU.Build.0 = Debug|Any CPU
		{7971F52C-23F6-4FA7-BF9C-0BC3834AB6B0}.Release|Any CPU.ActiveCfg = Release|Any CPU
		{7971F52C-23F6-4FA7-BF9C-0BC3834AB6B0}.Release|Any CPU.Build.0 = Release|Any CPU
		{1F1C3CDB-97E6-44AB-B754-5D54C9FE06BE}.Debug|Any CPU.ActiveCfg = Debug|Any CPU
		{1F1C3CDB-97E6-44AB-B754-5D54C9FE06BE}.Debug|Any CPU.Build.0 = Debug|Any CPU
		{1F1C3CDB-97E6-44AB-B754-5D54C9FE06BE}.Release|Any CPU.ActiveCfg = Release|Any CPU
		{1F1C3CDB-97E6-44AB-B754-5D54C9FE06BE}.Release|Any CPU.Build.0 = Release|Any CPU
	EndGlobalSection
	GlobalSection(SolutionProperties) = preSolution
		HideSolutionNode = FALSE
	EndGlobalSection
	GlobalSection(ExtensibilityGlobals) = postSolution
		SolutionGuid = {DDA36DFD-C11E-43A1-9CE9-0AC51049ECBD}
	EndGlobalSection
EndGlobal
